// !$*UTF8*$!
{
	archiveVersion = 1;
	classes = {
	};
	objectVersion = 46;
	objects = {

/* Begin PBXBuildFile section */
		F669A76C1C52C839002E74B1 /* AppDelegate.swift in Sources */ = {isa = PBXBuildFile; fileRef = F669A76B1C52C839002E74B1 /* AppDelegate.swift */; };
		F669A7711C52C839002E74B1 /* Main.storyboard in Resources */ = {isa = PBXBuildFile; fileRef = F669A76F1C52C839002E74B1 /* Main.storyboard */; };
		F669A7731C52C839002E74B1 /* Assets.xcassets in Resources */ = {isa = PBXBuildFile; fileRef = F669A7721C52C839002E74B1 /* Assets.xcassets */; };
		F669A7761C52C839002E74B1 /* LaunchScreen.storyboard in Resources */ = {isa = PBXBuildFile; fileRef = F669A7741C52C839002E74B1 /* LaunchScreen.storyboard */; };
		F669A77E1C52CF11002E74B1 /* ToBeastTableController.swift in Sources */ = {isa = PBXBuildFile; fileRef = F669A77D1C52CF11002E74B1 /* ToBeastTableController.swift */; };
		F669A7801C52CF81002E74B1 /* BeastedTableController.swift in Sources */ = {isa = PBXBuildFile; fileRef = F669A77F1C52CF81002E74B1 /* BeastedTableController.swift */; };
		F669A7821C52CFAD002E74B1 /* CustomCell.swift in Sources */ = {isa = PBXBuildFile; fileRef = F669A7811C52CFAD002E74B1 /* CustomCell.swift */; };
		F669A7841C52CFD3002E74B1 /* DataBase.swift in Sources */ = {isa = PBXBuildFile; fileRef = F669A7831C52CFD3002E74B1 /* DataBase.swift */; };
		F669A7861C52CFF5002E74B1 /* Beast.swift in Sources */ = {isa = PBXBuildFile; fileRef = F669A7851C52CFF5002E74B1 /* Beast.swift */; };
		F669A7881C52D13B002E74B1 /* AddBeastViewController.swift in Sources */ = {isa = PBXBuildFile; fileRef = F669A7871C52D13B002E74B1 /* AddBeastViewController.swift */; };
		F669A78A1C52D948002E74B1 /* CancelProtocol.swift in Sources */ = {isa = PBXBuildFile; fileRef = F669A7891C52D948002E74B1 /* CancelProtocol.swift */; };
		F669A78C1C52D976002E74B1 /* DoneProtocol.swift in Sources */ = {isa = PBXBuildFile; fileRef = F669A78B1C52D976002E74B1 /* DoneProtocol.swift */; };
/* End PBXBuildFile section */

/* Begin PBXFileReference section */
		F669A7681C52C839002E74B1 /* BeltExam.app */ = {isa = PBXFileReference; explicitFileType = wrapper.application; includeInIndex = 0; path = BeltExam.app; sourceTree = BUILT_PRODUCTS_DIR; };
		F669A76B1C52C839002E74B1 /* AppDelegate.swift */ = {isa = PBXFileReference; lastKnownFileType = sourcecode.swift; path = AppDelegate.swift; sourceTree = "<group>"; };
		F669A7701C52C839002E74B1 /* Base */ = {isa = PBXFileReference; lastKnownFileType = file.storyboard; name = Base; path = Base.lproj/Main.storyboard; sourceTree = "<group>"; };
		F669A7721C52C839002E74B1 /* Assets.xcassets */ = {isa = PBXFileReference; lastKnownFileType = folder.assetcatalog; path = Assets.xcassets; sourceTree = "<group>"; };
		F669A7751C52C839002E74B1 /* Base */ = {isa = PBXFileReference; lastKnownFileType = file.storyboard; name = Base; path = Base.lproj/LaunchScreen.storyboard; sourceTree = "<group>"; };
		F669A7771C52C839002E74B1 /* Info.plist */ = {isa = PBXFileReference; lastKnownFileType = text.plist.xml; path = Info.plist; sourceTree = "<group>"; };
		F669A77D1C52CF11002E74B1 /* ToBeastTableController.swift */ = {isa = PBXFileReference; fileEncoding = 4; lastKnownFileType = sourcecode.swift; path = ToBeastTableController.swift; sourceTree = "<group>"; };
		F669A77F1C52CF81002E74B1 /* BeastedTableController.swift */ = {isa = PBXFileReference; fileEncoding = 4; lastKnownFileType = sourcecode.swift; path = BeastedTableController.swift; sourceTree = "<group>"; };
		F669A7811C52CFAD002E74B1 /* CustomCell.swift */ = {isa = PBXFileReference; fileEncoding = 4; lastKnownFileType = sourcecode.swift; path = CustomCell.swift; sourceTree = "<group>"; };
		F669A7831C52CFD3002E74B1 /* DataBase.swift */ = {isa = PBXFileReference; fileEncoding = 4; lastKnownFileType = sourcecode.swift; path = DataBase.swift; sourceTree = "<group>"; };
		F669A7851C52CFF5002E74B1 /* Beast.swift */ = {isa = PBXFileReference; fileEncoding = 4; lastKnownFileType = sourcecode.swift; path = Beast.swift; sourceTree = "<group>"; };
		F669A7871C52D13B002E74B1 /* AddBeastViewController.swift */ = {isa = PBXFileReference; fileEncoding = 4; lastKnownFileType = sourcecode.swift; path = AddBeastViewController.swift; sourceTree = "<group>"; };
		F669A7891C52D948002E74B1 /* CancelProtocol.swift */ = {isa = PBXFileReference; fileEncoding = 4; lastKnownFileType = sourcecode.swift; path = CancelProtocol.swift; sourceTree = "<group>"; };
		F669A78B1C52D976002E74B1 /* DoneProtocol.swift */ = {isa = PBXFileReference; fileEncoding = 4; lastKnownFileType = sourcecode.swift; path = DoneProtocol.swift; sourceTree = "<group>"; };
/* End PBXFileReference section */

/* Begin PBXFrameworksBuildPhase section */
		F669A7651C52C839002E74B1 /* Frameworks */ = {
			isa = PBXFrameworksBuildPhase;
			buildActionMask = 2147483647;
			files = (
			);
			runOnlyForDeploymentPostprocessing = 0;
		};
/* End PBXFrameworksBuildPhase section */

/* Begin PBXGroup section */
		F669A75F1C52C839002E74B1 = {
			isa = PBXGroup;
			children = (
				F669A76A1C52C839002E74B1 /* BeltExam */,
				F669A7691C52C839002E74B1 /* Products */,
			);
			sourceTree = "<group>";
		};
		F669A7691C52C839002E74B1 /* Products */ = {
			isa = PBXGroup;
			children = (
				F669A7681C52C839002E74B1 /* BeltExam.app */,
			);
			name = Products;
			sourceTree = "<group>";
		};
		F669A76A1C52C839002E74B1 /* BeltExam */ = {
			isa = PBXGroup;
			children = (
				F669A76B1C52C839002E74B1 /* AppDelegate.swift */,
				F669A76F1C52C839002E74B1 /* Main.storyboard */,
				F669A7721C52C839002E74B1 /* Assets.xcassets */,
				F669A7741C52C839002E74B1 /* LaunchScreen.storyboard */,
				F669A7771C52C839002E74B1 /* Info.plist */,
				F669A77D1C52CF11002E74B1 /* ToBeastTableController.swift */,
				F669A77F1C52CF81002E74B1 /* BeastedTableController.swift */,
				F669A7811C52CFAD002E74B1 /* CustomCell.swift */,
				F669A7831C52CFD3002E74B1 /* DataBase.swift */,
				F669A7851C52CFF5002E74B1 /* Beast.swift */,
				F669A7871C52D13B002E74B1 /* AddBeastViewController.swift */,
				F669A7891C52D948002E74B1 /* CancelProtocol.swift */,
				F669A78B1C52D976002E74B1 /* DoneProtocol.swift */,
			);
			path = BeltExam;
			sourceTree = "<group>";
		};
/* End PBXGroup section */

/* Begin PBXNativeTarget section */
		F669A7671C52C839002E74B1 /* BeltExam */ = {
			isa = PBXNativeTarget;
			buildConfigurationList = F669A77A1C52C839002E74B1 /* Build configuration list for PBXNativeTarget "BeltExam" */;
			buildPhases = (
				F669A7641C52C839002E74B1 /* Sources */,
				F669A7651C52C839002E74B1 /* Frameworks */,
				F669A7661C52C839002E74B1 /* Resources */,
			);
			buildRules = (
			);
			dependencies = (
			);
			name = BeltExam;
			productName = BeltExam;
			productReference = F669A7681C52C839002E74B1 /* BeltExam.app */;
			productType = "com.apple.product-type.application";
		};
/* End PBXNativeTarget section */

/* Begin PBXProject section */
		F669A7601C52C839002E74B1 /* Project object */ = {
			isa = PBXProject;
			attributes = {
				LastSwiftUpdateCheck = 0720;
				LastUpgradeCheck = 0720;
				ORGANIZATIONNAME = "namhee kim";
				TargetAttributes = {
					F669A7671C52C839002E74B1 = {
						CreatedOnToolsVersion = 7.2;
						DevelopmentTeam = V4LS36MR3T;
					};
				};
			};
			buildConfigurationList = F669A7631C52C839002E74B1 /* Build configuration list for PBXProject "BeltExam" */;
			compatibilityVersion = "Xcode 3.2";
			developmentRegion = English;
			hasScannedForEncodings = 0;
			knownRegions = (
				en,
				Base,
			);
			mainGroup = F669A75F1C52C839002E74B1;
			productRefGroup = F669A7691C52C839002E74B1 /* Products */;
			projectDirPath = "";
			projectRoot = "";
			targets = (
				F669A7671C52C839002E74B1 /* BeltExam */,
			);
		};
/* End PBXProject section */

/* Begin PBXResourcesBuildPhase section */
		F669A7661C52C839002E74B1 /* Resources */ = {
			isa = PBXResourcesBuildPhase;
			buildActionMask = 2147483647;
			files = (
				F669A7761C52C839002E74B1 /* LaunchScreen.storyboard in Resources */,
				F669A7731C52C839002E74B1 /* Assets.xcassets in Resources */,
				F669A7711C52C839002E74B1 /* Main.storyboard in Resources */,
			);
			runOnlyForDeploymentPostprocessing = 0;
		};
/* End PBXResourcesBuildPhase section */

/* Begin PBXSourcesBuildPhase section */
		F669A7641C52C839002E74B1 /* Sources */ = {
			isa = PBXSourcesBuildPhase;
			buildActionMask = 2147483647;
			files = (
				F669A77E1C52CF11002E74B1 /* ToBeastTableController.swift in Sources */,
				F669A7861C52CFF5002E74B1 /* Beast.swift in Sources */,
				F669A7821C52CFAD002E74B1 /* CustomCell.swift in Sources */,
				F669A76C1C52C839002E74B1 /* AppDelegate.swift in Sources */,
				F669A7841C52CFD3002E74B1 /* DataBase.swift in Sources */,
				F669A78C1C52D976002E74B1 /* DoneProtocol.swift in Sources */,
				F669A7881C52D13B002E74B1 /* AddBeastViewController.swift in Sources */,
				F669A7801C52CF81002E74B1 /* BeastedTableController.swift in Sources */,
				F669A78A1C52D948002E74B1 /* CancelProtocol.swift in Sources */,
			);
			runOnlyForDeploymentPostprocessing = 0;
		};
/* End PBXSourcesBuildPhase section */

/* Begin PBXVariantGroup section */
		F669A76F1C52C839002E74B1 /* Main.storyboard */ = {
			isa = PBXVariantGroup;
			children = (
				F669A7701C52C839002E74B1 /* Base */,
			);
			name = Main.storyboard;
			sourceTree = "<group>";
		};
		F669A7741C52C839002E74B1 /* LaunchScreen.storyboard */ = {
			isa = PBXVariantGroup;
			children = (
				F669A7751C52C839002E74B1 /* Base */,
			);
			name = LaunchScreen.storyboard;
			sourceTree = "<group>";
		};
/* End PBXVariantGroup section */

/* Begin XCBuildConfiguration section */
		F669A7781C52C839002E74B1 /* Debug */ = {
			isa = XCBuildConfiguration;
			buildSettings = {
				ALWAYS_SEARCH_USER_PATHS = NO;
				CLANG_CXX_LANGUAGE_STANDARD = "gnu++0x";
				CLANG_CXX_LIBRARY = "libc++";
				CLANG_ENABLE_MODULES = YES;
				CLANG_ENABLE_OBJC_ARC = YES;
				CLANG_WARN_BOOL_CONVERSION = YES;
				CLANG_WARN_CONSTANT_CONVERSION = YES;
				CLANG_WARN_DIRECT_OBJC_ISA_USAGE = YES_ERROR;
				CLANG_WARN_EMPTY_BODY = YES;
				CLANG_WARN_ENUM_CONVERSION = YES;
				CLANG_WARN_INT_CONVERSION = YES;
				CLANG_WARN_OBJC_ROOT_CLASS = YES_ERROR;
				CLANG_WARN_UNREACHABLE_CODE = YES;
				CLANG_WARN__DUPLICATE_METHOD_MATCH = YES;
				"CODE_SIGN_IDENTITY[sdk=iphoneos*]" = "iPhone Developer";
				COPY_PHASE_STRIP = NO;
				DEBUG_INFORMATION_FORMAT = dwarf;
				ENABLE_STRICT_OBJC_MSGSEND = YES;
				ENABLE_TESTABILITY = YES;
				GCC_C_LANGUAGE_STANDARD = gnu99;
				GCC_DYNAMIC_NO_PIC = NO;
				GCC_NO_COMMON_BLOCKS = YES;
				GCC_OPTIMIZATION_LEVEL = 0;
				GCC_PREPROCESSOR_DEFINITIONS = (
					"DEBUG=1",
					"$(inherited)",
				);
				GCC_WARN_64_TO_32_BIT_CONVERSION = YES;
				GCC_WARN_ABOUT_RETURN_TYPE = YES_ERROR;
				GCC_WARN_UNDECLARED_SELECTOR = YES;
				GCC_WARN_UNINITIALIZED_AUTOS = YES_AGGRESSIVE;
				GCC_WARN_UNUSED_FUNCTION = YES;
				GCC_WARN_UNUSED_VARIABLE = YES;
				IPHONEOS_DEPLOYMENT_TARGET = 9.2;
				MTL_ENABLE_DEBUG_INFO = YES;
				ONLY_ACTIVE_ARCH = YES;
				SDKROOT = iphoneos;
				SWIFT_OPTIMIZATION_LEVEL = "-Onone";
				TARGETED_DEVICE_FAMILY = "1,2";
			};
			name = Debug;
		};
		F669A7791C52C839002E74B1 /* Release */ = {
			isa = XCBuildConfiguration;
			buildSettings = {
				ALWAYS_SEARCH_USER_PATHS = NO;
				CLANG_CXX_LANGUAGE_STANDARD = "gnu++0x";
				CLANG_CXX_LIBRARY = "libc++";
				CLANG_ENABLE_MODULES = YES;
				CLANG_ENABLE_OBJC_ARC = YES;
				CLANG_WARN_BOOL_CONVERSION = YES;
				CLANG_WARN_CONSTANT_CONVERSION = YES;
				CLANG_WARN_DIRECT_OBJC_ISA_USAGE = YES_ERROR;
				CLANG_WARN_EMPTY_BODY = YES;
				CLANG_WARN_ENUM_CONVERSION = YES;
				CLANG_WARN_INT_CONVERSION = YES;
				CLANG_WARN_OBJC_ROOT_CLASS = YES_ERROR;
				CLANG_WARN_UNREACHABLE_CODE = YES;
				CLANG_WARN__DUPLICATE_METHOD_MATCH = YES;
				"CODE_SIGN_IDENTITY[sdk=iphoneos*]" = "iPhone Developer";
				COPY_PHASE_STRIP = NO;
				DEBUG_INFORMATION_FORMAT = "dwarf-with-dsym";
				ENABLE_NS_ASSERTIONS = NO;
				ENABLE_STRICT_OBJC_MSGSEND = YES;
				GCC_C_LANGUAGE_STANDARD = gnu99;
				GCC_NO_COMMON_BLOCKS = YES;
				GCC_WARN_64_TO_32_BIT_CONVERSION = YES;
				GCC_WARN_ABOUT_RETURN_TYPE = YES_ERROR;
				GCC_WARN_UNDECLARED_SELECTOR = YES;
				GCC_WARN_UNINITIALIZED_AUTOS = YES_AGGRESSIVE;
				GCC_WARN_UNUSED_FUNCTION = YES;
				GCC_WARN_UNUSED_VARIABLE = YES;
				IPHONEOS_DEPLOYMENT_TARGET = 9.2;
				MTL_ENABLE_DEBUG_INFO = NO;
				SDKROOT = iphoneos;
				TARGETED_DEVICE_FAMILY = "1,2";
				VALIDATE_PRODUCT = YES;
			};
			name = Release;
		};
		F669A77B1C52C839002E74B1 /* Debug */ = {
			isa = XCBuildConfiguration;
			buildSettings = {
				ASSETCATALOG_COMPILER_APPICON_NAME = AppIcon;
				INFOPLIST_FILE = BeltExam/Info.plist;
				LD_RUNPATH_SEARCH_PATHS = "$(inherited) @executable_path/Frameworks";
				PRODUCT_BUNDLE_IDENTIFIER = com.BeltExam;
				PRODUCT_NAME = "$(TARGET_NAME)";
			};
			name = Debug;
		};
		F669A77C1C52C839002E74B1 /* Release */ = {
			isa = XCBuildConfiguration;
			buildSettings = {
				ASSETCATALOG_COMPILER_APPICON_NAME = AppIcon;
				INFOPLIST_FILE = BeltExam/Info.plist;
				LD_RUNPATH_SEARCH_PATHS = "$(inherited) @executable_path/Frameworks";
				PRODUCT_BUNDLE_IDENTIFIER = com.BeltExam;
				PRODUCT_NAME = "$(TARGET_NAME)";
			};
			name = Release;
		};
/* End XCBuildConfiguration section */

/* Begin XCConfigurationList section */
		F669A7631C52C839002E74B1 /* Build configuration list for PBXProject "BeltExam" */ = {
			isa = XCConfigurationList;
			buildConfigurations = (
				F669A7781C52C839002E74B1 /* Debug */,
				F669A7791C52C839002E74B1 /* Release */,
			);
			defaultConfigurationIsVisible = 0;
			defaultConfigurationName = Release;
		};
		F669A77A1C52C839002E74B1 /* Build configuration list for PBXNativeTarget "BeltExam" */ = {
			isa = XCConfigurationList;
			buildConfigurations = (
				F669A77B1C52C839002E74B1 /* Debug */,
				F669A77C1C52C839002E74B1 /* Release */,
			);
			defaultConfigurationIsVisible = 0;
		};
/* End XCConfigurationList section */
	};
	rootObject = F669A7601C52C839002E74B1 /* Project object */;
}
